
Microsoft Visual Studio Solution File, Format Version 12.00
# Visual Studio Version 16
VisualStudioVersion = 16.0.30611.23
MinimumVisualStudioVersion = 10.0.40219.1
Project("{FAE04EC0-301F-11D3-BF4B-00C04F79EFBC}") = "OOP_Laba7", "OOP_Laba7.csproj", "{A236889A-929D-4BB2-B6FA-F0A749FED371}"
EndProject
Global
	GlobalSection(SolutionConfigurationPlatforms) = preSolution
		Debug|Any CPU = Debug|Any CPU
		Release|Any CPU = Release|Any CPU
	EndGlobalSection
	GlobalSection(ProjectConfigurationPlatforms) = postSolution
		{A236889A-929D-4BB2-B6FA-F0A749FED371}.Debug|Any CPU.ActiveCfg = Debug|Any CPU
		{A236889A-929D-4BB2-B6FA-F0A749FED371}.Debug|Any CPU.Build.0 = Debug|Any CPU
		{A236889A-929D-4BB2-B6FA-F0A749FED371}.Release|Any CPU.ActiveCfg = Release|Any CPU
		{A236889A-929D-4BB2-B6FA-F0A749FED371}.Release|Any CPU.Build.0 = Release|Any CPU
	EndGlobalSection
	GlobalSection(SolutionProperties) = preSolution
		HideSolutionNode = FALSE
	EndGlobalSection
	GlobalSection(ExtensibilityGlobals) = postSolution
		SolutionGuid = {F1F3EEBB-75A9-4010-9348-431483E1970E}
	EndGlobalSection
EndGlobal
